// !$*UTF8*$!
{
	archiveVersion = 1;
	classes = {
	};
	objectVersion = 51;
	objects = {

/* Begin PBXBuildFile section */
		8831A1B6726B7048E02D7C92 /* Pods_BuildBaseParchment.framework in Frameworks */ = {isa = PBXBuildFile; fileRef = 1BDA357D884AAED250A5C1AF /* Pods_BuildBaseParchment.framework */; };
		F5548AD6240E0DF300388CD4 /* AppDelegate.swift in Sources */ = {isa = PBXBuildFile; fileRef = F5548AD5240E0DF300388CD4 /* AppDelegate.swift */; };
		F5548AD8240E0DF300388CD4 /* SceneDelegate.swift in Sources */ = {isa = PBXBuildFile; fileRef = F5548AD7240E0DF300388CD4 /* SceneDelegate.swift */; };
		F5548ADF240E0DF500388CD4 /* Assets.xcassets in Resources */ = {isa = PBXBuildFile; fileRef = F5548ADE240E0DF500388CD4 /* Assets.xcassets */; };
		F5548AE2240E0DF500388CD4 /* LaunchScreen.storyboard in Resources */ = {isa = PBXBuildFile; fileRef = F5548AE0240E0DF500388CD4 /* LaunchScreen.storyboard */; };
		F5548AF0240E116400388CD4 /* HomeViewController.swift in Sources */ = {isa = PBXBuildFile; fileRef = F5548AEF240E116400388CD4 /* HomeViewController.swift */; };
		F5548AF4240E2F7700388CD4 /* CategoryViewController.swift in Sources */ = {isa = PBXBuildFile; fileRef = F5548AF3240E2F7700388CD4 /* CategoryViewController.swift */; };
		F5548AF6240E321F00388CD4 /* CategoryModel.swift in Sources */ = {isa = PBXBuildFile; fileRef = F5548AF5240E321F00388CD4 /* CategoryModel.swift */; };
		F5548AF8240E40F000388CD4 /* CategoryViewModel.swift in Sources */ = {isa = PBXBuildFile; fileRef = F5548AF7240E40F000388CD4 /* CategoryViewModel.swift */; };
		F5548AFB240E424B00388CD4 /* CategoryCell.swift in Sources */ = {isa = PBXBuildFile; fileRef = F5548AFA240E424B00388CD4 /* CategoryCell.swift */; };
		F5548AFE240E466100388CD4 /* Constants.swift in Sources */ = {isa = PBXBuildFile; fileRef = F5548AFD240E466100388CD4 /* Constants.swift */; };
		F5548B00240E46D200388CD4 /* RatioScreenManager.swift in Sources */ = {isa = PBXBuildFile; fileRef = F5548AFF240E46D200388CD4 /* RatioScreenManager.swift */; };
		F5548B03240E4AD700388CD4 /* BaseParchmentViewController.swift in Sources */ = {isa = PBXBuildFile; fileRef = F5548B02240E4AD700388CD4 /* BaseParchmentViewController.swift */; };
		F5548B06240E50D400388CD4 /* BaseParchmentModel.swift in Sources */ = {isa = PBXBuildFile; fileRef = F5548B05240E50D400388CD4 /* BaseParchmentModel.swift */; };
		F5548B08240E532C00388CD4 /* BaseParchmentViewModel.swift in Sources */ = {isa = PBXBuildFile; fileRef = F5548B07240E532C00388CD4 /* BaseParchmentViewModel.swift */; };
/* End PBXBuildFile section */

/* Begin PBXFileReference section */
		1BDA357D884AAED250A5C1AF /* Pods_BuildBaseParchment.framework */ = {isa = PBXFileReference; explicitFileType = wrapper.framework; includeInIndex = 0; path = Pods_BuildBaseParchment.framework; sourceTree = BUILT_PRODUCTS_DIR; };
		6BE910726831B63E4144F2F6 /* Pods-BuildBaseParchment.release.xcconfig */ = {isa = PBXFileReference; includeInIndex = 1; lastKnownFileType = text.xcconfig; name = "Pods-BuildBaseParchment.release.xcconfig"; path = "Target Support Files/Pods-BuildBaseParchment/Pods-BuildBaseParchment.release.xcconfig"; sourceTree = "<group>"; };
		C1D23BA38DC00EE16C0FD0E3 /* Pods-BuildBaseParchment.debug.xcconfig */ = {isa = PBXFileReference; includeInIndex = 1; lastKnownFileType = text.xcconfig; name = "Pods-BuildBaseParchment.debug.xcconfig"; path = "Target Support Files/Pods-BuildBaseParchment/Pods-BuildBaseParchment.debug.xcconfig"; sourceTree = "<group>"; };
		F5548AD2240E0DF300388CD4 /* BuildBaseParchment.app */ = {isa = PBXFileReference; explicitFileType = wrapper.application; includeInIndex = 0; path = BuildBaseParchment.app; sourceTree = BUILT_PRODUCTS_DIR; };
		F5548AD5240E0DF300388CD4 /* AppDelegate.swift */ = {isa = PBXFileReference; lastKnownFileType = sourcecode.swift; path = AppDelegate.swift; sourceTree = "<group>"; };
		F5548AD7240E0DF300388CD4 /* SceneDelegate.swift */ = {isa = PBXFileReference; lastKnownFileType = sourcecode.swift; path = SceneDelegate.swift; sourceTree = "<group>"; };
		F5548ADE240E0DF500388CD4 /* Assets.xcassets */ = {isa = PBXFileReference; lastKnownFileType = folder.assetcatalog; path = Assets.xcassets; sourceTree = "<group>"; };
		F5548AE1240E0DF500388CD4 /* Base */ = {isa = PBXFileReference; lastKnownFileType = file.storyboard; name = Base; path = Base.lproj/LaunchScreen.storyboard; sourceTree = "<group>"; };
		F5548AE3240E0DF500388CD4 /* Info.plist */ = {isa = PBXFileReference; lastKnownFileType = text.plist.xml; path = Info.plist; sourceTree = "<group>"; };
		F5548AEF240E116400388CD4 /* HomeViewController.swift */ = {isa = PBXFileReference; lastKnownFileType = sourcecode.swift; path = HomeViewController.swift; sourceTree = "<group>"; };
		F5548AF3240E2F7700388CD4 /* CategoryViewController.swift */ = {isa = PBXFileReference; lastKnownFileType = sourcecode.swift; path = CategoryViewController.swift; sourceTree = "<group>"; };
		F5548AF5240E321F00388CD4 /* CategoryModel.swift */ = {isa = PBXFileReference; lastKnownFileType = sourcecode.swift; path = CategoryModel.swift; sourceTree = "<group>"; };
		F5548AF7240E40F000388CD4 /* CategoryViewModel.swift */ = {isa = PBXFileReference; lastKnownFileType = sourcecode.swift; path = CategoryViewModel.swift; sourceTree = "<group>"; };
		F5548AFA240E424B00388CD4 /* CategoryCell.swift */ = {isa = PBXFileReference; lastKnownFileType = sourcecode.swift; path = CategoryCell.swift; sourceTree = "<group>"; };
		F5548AFD240E466100388CD4 /* Constants.swift */ = {isa = PBXFileReference; lastKnownFileType = sourcecode.swift; path = Constants.swift; sourceTree = "<group>"; };
		F5548AFF240E46D200388CD4 /* RatioScreenManager.swift */ = {isa = PBXFileReference; fileEncoding = 4; lastKnownFileType = sourcecode.swift; path = RatioScreenManager.swift; sourceTree = "<group>"; };
		F5548B02240E4AD700388CD4 /* BaseParchmentViewController.swift */ = {isa = PBXFileReference; lastKnownFileType = sourcecode.swift; path = BaseParchmentViewController.swift; sourceTree = "<group>"; };
		F5548B05240E50D400388CD4 /* BaseParchmentModel.swift */ = {isa = PBXFileReference; lastKnownFileType = sourcecode.swift; path = BaseParchmentModel.swift; sourceTree = "<group>"; };
		F5548B07240E532C00388CD4 /* BaseParchmentViewModel.swift */ = {isa = PBXFileReference; lastKnownFileType = sourcecode.swift; path = BaseParchmentViewModel.swift; sourceTree = "<group>"; };
/* End PBXFileReference section */

/* Begin PBXFrameworksBuildPhase section */
		F5548ACF240E0DF300388CD4 /* Frameworks */ = {
			isa = PBXFrameworksBuildPhase;
			buildActionMask = 2147483647;
			files = (
				8831A1B6726B7048E02D7C92 /* Pods_BuildBaseParchment.framework in Frameworks */,
			);
			runOnlyForDeploymentPostprocessing = 0;
		};
/* End PBXFrameworksBuildPhase section */

/* Begin PBXGroup section */
		9867612FE6FDA5E37B9CD942 /* Pods */ = {
			isa = PBXGroup;
			children = (
				C1D23BA38DC00EE16C0FD0E3 /* Pods-BuildBaseParchment.debug.xcconfig */,
				6BE910726831B63E4144F2F6 /* Pods-BuildBaseParchment.release.xcconfig */,
			);
			path = Pods;
			sourceTree = "<group>";
		};
		9D66228CFEF1365AF1B5DBF4 /* Frameworks */ = {
			isa = PBXGroup;
			children = (
				1BDA357D884AAED250A5C1AF /* Pods_BuildBaseParchment.framework */,
			);
			name = Frameworks;
			sourceTree = "<group>";
		};
		F5548AC9240E0DF300388CD4 = {
			isa = PBXGroup;
			children = (
				F5548AD4240E0DF300388CD4 /* BuildBaseParchment */,
				F5548AD3240E0DF300388CD4 /* Products */,
				9867612FE6FDA5E37B9CD942 /* Pods */,
				9D66228CFEF1365AF1B5DBF4 /* Frameworks */,
			);
			sourceTree = "<group>";
		};
		F5548AD3240E0DF300388CD4 /* Products */ = {
			isa = PBXGroup;
			children = (
				F5548AD2240E0DF300388CD4 /* BuildBaseParchment.app */,
			);
			name = Products;
			sourceTree = "<group>";
		};
		F5548AD4240E0DF300388CD4 /* BuildBaseParchment */ = {
			isa = PBXGroup;
			children = (
				F5548AE9240E0FD400388CD4 /* Features */,
				F5548AEA240E0FDD00388CD4 /* Supporting File */,
				F5548AEB240E0FEC00388CD4 /* Resources */,
				F5548AEC240E100700388CD4 /* Configures */,
			);
			path = BuildBaseParchment;
			sourceTree = "<group>";
		};
		F5548AE9240E0FD400388CD4 /* Features */ = {
			isa = PBXGroup;
			children = (
				F5548AED240E104F00388CD4 /* Home */,
				F5548AF1240E2F5F00388CD4 /* Category */,
				F5548AFC240E462700388CD4 /* Common */,
			);
			path = Features;
			sourceTree = "<group>";
		};
		F5548AEA240E0FDD00388CD4 /* Supporting File */ = {
			isa = PBXGroup;
			children = (
				F5548AD5240E0DF300388CD4 /* AppDelegate.swift */,
				F5548AD7240E0DF300388CD4 /* SceneDelegate.swift */,
				F5548AE3240E0DF500388CD4 /* Info.plist */,
			);
			path = "Supporting File";
			sourceTree = "<group>";
		};
		F5548AEB240E0FEC00388CD4 /* Resources */ = {
			isa = PBXGroup;
			children = (
				F5548ADE240E0DF500388CD4 /* Assets.xcassets */,
				F5548AE0240E0DF500388CD4 /* LaunchScreen.storyboard */,
			);
			path = Resources;
			sourceTree = "<group>";
		};
		F5548AEC240E100700388CD4 /* Configures */ = {
			isa = PBXGroup;
			children = (
			);
			path = Configures;
			sourceTree = "<group>";
		};
		F5548AED240E104F00388CD4 /* Home */ = {
			isa = PBXGroup;
			children = (
				F5548AEE240E114D00388CD4 /* HomeScreen */,
			);
			path = Home;
			sourceTree = "<group>";
		};
		F5548AEE240E114D00388CD4 /* HomeScreen */ = {
			isa = PBXGroup;
			children = (
				F5548AEF240E116400388CD4 /* HomeViewController.swift */,
			);
			path = HomeScreen;
			sourceTree = "<group>";
		};
		F5548AF1240E2F5F00388CD4 /* Category */ = {
			isa = PBXGroup;
			children = (
				F5548AF2240E2F6600388CD4 /* CategoryScreen */,
			);
			path = Category;
			sourceTree = "<group>";
		};
		F5548AF2240E2F6600388CD4 /* CategoryScreen */ = {
			isa = PBXGroup;
			children = (
				F5548AF9240E422700388CD4 /* Cells */,
				F5548AF3240E2F7700388CD4 /* CategoryViewController.swift */,
				F5548AF5240E321F00388CD4 /* CategoryModel.swift */,
				F5548AF7240E40F000388CD4 /* CategoryViewModel.swift */,
			);
			path = CategoryScreen;
			sourceTree = "<group>";
		};
		F5548AF9240E422700388CD4 /* Cells */ = {
			isa = PBXGroup;
			children = (
				F5548AFA240E424B00388CD4 /* CategoryCell.swift */,
			);
			path = Cells;
			sourceTree = "<group>";
		};
		F5548AFC240E462700388CD4 /* Common */ = {
			isa = PBXGroup;
			children = (
				F5548B01240E480C00388CD4 /* ParchmentView */,
				F5548AFF240E46D200388CD4 /* RatioScreenManager.swift */,
				F5548AFD240E466100388CD4 /* Constants.swift */,
			);
			path = Common;
			sourceTree = "<group>";
		};
		F5548B01240E480C00388CD4 /* ParchmentView */ = {
			isa = PBXGroup;
			children = (
				F5548B02240E4AD700388CD4 /* BaseParchmentViewController.swift */,
				F5548B05240E50D400388CD4 /* BaseParchmentModel.swift */,
				F5548B07240E532C00388CD4 /* BaseParchmentViewModel.swift */,
			);
			path = ParchmentView;
			sourceTree = "<group>";
		};
/* End PBXGroup section */

/* Begin PBXNativeTarget section */
		F5548AD1240E0DF300388CD4 /* BuildBaseParchment */ = {
			isa = PBXNativeTarget;
			buildConfigurationList = F5548AE6240E0DF500388CD4 /* Build configuration list for PBXNativeTarget "BuildBaseParchment" */;
			buildPhases = (
				1D5C57F2CC9F1F30944EF8FB /* [CP] Check Pods Manifest.lock */,
				F5548ACE240E0DF300388CD4 /* Sources */,
				F5548ACF240E0DF300388CD4 /* Frameworks */,
				F5548AD0240E0DF300388CD4 /* Resources */,
				A795A18FAB82913A33B406A1 /* [CP] Embed Pods Frameworks */,
			);
			buildRules = (
			);
			dependencies = (
			);
			name = BuildBaseParchment;
			productName = BuildBaseParchment;
			productReference = F5548AD2240E0DF300388CD4 /* BuildBaseParchment.app */;
			productType = "com.apple.product-type.application";
		};
/* End PBXNativeTarget section */

/* Begin PBXProject section */
		F5548ACA240E0DF300388CD4 /* Project object */ = {
			isa = PBXProject;
			attributes = {
				LastSwiftUpdateCheck = 1130;
				LastUpgradeCheck = 1130;
				ORGANIZATIONNAME = "Nguyen Tran";
				TargetAttributes = {
					F5548AD1240E0DF300388CD4 = {
						CreatedOnToolsVersion = 11.3.1;
					};
				};
			};
			buildConfigurationList = F5548ACD240E0DF300388CD4 /* Build configuration list for PBXProject "BuildBaseParchment" */;
			compatibilityVersion = "Xcode 9.3";
			developmentRegion = en;
			hasScannedForEncodings = 0;
			knownRegions = (
				en,
				Base,
			);
			mainGroup = F5548AC9240E0DF300388CD4;
			productRefGroup = F5548AD3240E0DF300388CD4 /* Products */;
			projectDirPath = "";
			projectRoot = "";
			targets = (
				F5548AD1240E0DF300388CD4 /* BuildBaseParchment */,
			);
		};
/* End PBXProject section */

/* Begin PBXResourcesBuildPhase section */
		F5548AD0240E0DF300388CD4 /* Resources */ = {
			isa = PBXResourcesBuildPhase;
			buildActionMask = 2147483647;
			files = (
				F5548AE2240E0DF500388CD4 /* LaunchScreen.storyboard in Resources */,
				F5548ADF240E0DF500388CD4 /* Assets.xcassets in Resources */,
			);
			runOnlyForDeploymentPostprocessing = 0;
		};
/* End PBXResourcesBuildPhase section */

/* Begin PBXShellScriptBuildPhase section */
		1D5C57F2CC9F1F30944EF8FB /* [CP] Check Pods Manifest.lock */ = {
			isa = PBXShellScriptBuildPhase;
			buildActionMask = 2147483647;
			files = (
			);
			inputFileListPaths = (
			);
			inputPaths = (
				"${PODS_PODFILE_DIR_PATH}/Podfile.lock",
				"${PODS_ROOT}/Manifest.lock",
			);
			name = "[CP] Check Pods Manifest.lock";
			outputFileListPaths = (
			);
			outputPaths = (
				"$(DERIVED_FILE_DIR)/Pods-BuildBaseParchment-checkManifestLockResult.txt",
			);
			runOnlyForDeploymentPostprocessing = 0;
			shellPath = /bin/sh;
			shellScript = "diff \"${PODS_PODFILE_DIR_PATH}/Podfile.lock\" \"${PODS_ROOT}/Manifest.lock\" > /dev/null\nif [ $? != 0 ] ; then\n    # print error to STDERR\n    echo \"error: The sandbox is not in sync with the Podfile.lock. Run 'pod install' or update your CocoaPods installation.\" >&2\n    exit 1\nfi\n# This output is used by Xcode 'outputs' to avoid re-running this script phase.\necho \"SUCCESS\" > \"${SCRIPT_OUTPUT_FILE_0}\"\n";
			showEnvVarsInLog = 0;
		};
		A795A18FAB82913A33B406A1 /* [CP] Embed Pods Frameworks */ = {
			isa = PBXShellScriptBuildPhase;
			buildActionMask = 2147483647;
			files = (
			);
			inputFileListPaths = (
				"${PODS_ROOT}/Target Support Files/Pods-BuildBaseParchment/Pods-BuildBaseParchment-frameworks-${CONFIGURATION}-input-files.xcfilelist",
			);
			name = "[CP] Embed Pods Frameworks";
			outputFileListPaths = (
				"${PODS_ROOT}/Target Support Files/Pods-BuildBaseParchment/Pods-BuildBaseParchment-frameworks-${CONFIGURATION}-output-files.xcfilelist",
			);
			runOnlyForDeploymentPostprocessing = 0;
			shellPath = /bin/sh;
			shellScript = "\"${PODS_ROOT}/Target Support Files/Pods-BuildBaseParchment/Pods-BuildBaseParchment-frameworks.sh\"\n";
			showEnvVarsInLog = 0;
		};
/* End PBXShellScriptBuildPhase section */

/* Begin PBXSourcesBuildPhase section */
		F5548ACE240E0DF300388CD4 /* Sources */ = {
			isa = PBXSourcesBuildPhase;
			buildActionMask = 2147483647;
			files = (
				F5548AF4240E2F7700388CD4 /* CategoryViewController.swift in Sources */,
				F5548AD6240E0DF300388CD4 /* AppDelegate.swift in Sources */,
				F5548B06240E50D400388CD4 /* BaseParchmentModel.swift in Sources */,
				F5548B03240E4AD700388CD4 /* BaseParchmentViewController.swift in Sources */,
				F5548AD8240E0DF300388CD4 /* SceneDelegate.swift in Sources */,
				F5548AFB240E424B00388CD4 /* CategoryCell.swift in Sources */,
				F5548AF6240E321F00388CD4 /* CategoryModel.swift in Sources */,
				F5548AF8240E40F000388CD4 /* CategoryViewModel.swift in Sources */,
				F5548B08240E532C00388CD4 /* BaseParchmentViewModel.swift in Sources */,
				F5548B00240E46D200388CD4 /* RatioScreenManager.swift in Sources */,
				F5548AF0240E116400388CD4 /* HomeViewController.swift in Sources */,
				F5548AFE240E466100388CD4 /* Constants.swift in Sources */,
			);
			runOnlyForDeploymentPostprocessing = 0;
		};
/* End PBXSourcesBuildPhase section */

/* Begin PBXVariantGroup section */
		F5548AE0240E0DF500388CD4 /* LaunchScreen.storyboard */ = {
			isa = PBXVariantGroup;
			children = (
				F5548AE1240E0DF500388CD4 /* Base */,
			);
			name = LaunchScreen.storyboard;
			sourceTree = "<group>";
		};
/* End PBXVariantGroup section */

/* Begin XCBuildConfiguration section */
		F5548AE4240E0DF500388CD4 /* Debug */ = {
			isa = XCBuildConfiguration;
			buildSettings = {
				ALWAYS_SEARCH_USER_PATHS = NO;
				CLANG_ANALYZER_NONNULL = YES;
				CLANG_ANALYZER_NUMBER_OBJECT_CONVERSION = YES_AGGRESSIVE;
				CLANG_CXX_LANGUAGE_STANDARD = "gnu++14";
				CLANG_CXX_LIBRARY = "libc++";
				CLANG_ENABLE_MODULES = YES;
				CLANG_ENABLE_OBJC_ARC = YES;
				CLANG_ENABLE_OBJC_WEAK = YES;
				CLANG_WARN_BLOCK_CAPTURE_AUTORELEASING = YES;
				CLANG_WARN_BOOL_CONVERSION = YES;
				CLANG_WARN_COMMA = YES;
				CLANG_WARN_CONSTANT_CONVERSION = YES;
				CLANG_WARN_DEPRECATED_OBJC_IMPLEMENTATIONS = YES;
				CLANG_WARN_DIRECT_OBJC_ISA_USAGE = YES_ERROR;
				CLANG_WARN_DOCUMENTATION_COMMENTS = YES;
				CLANG_WARN_EMPTY_BODY = YES;
				CLANG_WARN_ENUM_CONVERSION = YES;
				CLANG_WARN_INFINITE_RECURSION = YES;
				CLANG_WARN_INT_CONVERSION = YES;
				CLANG_WARN_NON_LITERAL_NULL_CONVERSION = YES;
				CLANG_WARN_OBJC_IMPLICIT_RETAIN_SELF = YES;
				CLANG_WARN_OBJC_LITERAL_CONVERSION = YES;
				CLANG_WARN_OBJC_ROOT_CLASS = YES_ERROR;
				CLANG_WARN_RANGE_LOOP_ANALYSIS = YES;
				CLANG_WARN_STRICT_PROTOTYPES = YES;
				CLANG_WARN_SUSPICIOUS_MOVE = YES;
				CLANG_WARN_UNGUARDED_AVAILABILITY = YES_AGGRESSIVE;
				CLANG_WARN_UNREACHABLE_CODE = YES;
				CLANG_WARN__DUPLICATE_METHOD_MATCH = YES;
				COPY_PHASE_STRIP = NO;
				DEBUG_INFORMATION_FORMAT = dwarf;
				ENABLE_STRICT_OBJC_MSGSEND = YES;
				ENABLE_TESTABILITY = YES;
				GCC_C_LANGUAGE_STANDARD = gnu11;
				GCC_DYNAMIC_NO_PIC = NO;
				GCC_NO_COMMON_BLOCKS = YES;
				GCC_OPTIMIZATION_LEVEL = 0;
				GCC_PREPROCESSOR_DEFINITIONS = (
					"DEBUG=1",
					"$(inherited)",
				);
				GCC_WARN_64_TO_32_BIT_CONVERSION = YES;
				GCC_WARN_ABOUT_RETURN_TYPE = YES_ERROR;
				GCC_WARN_UNDECLARED_SELECTOR = YES;
				GCC_WARN_UNINITIALIZED_AUTOS = YES_AGGRESSIVE;
				GCC_WARN_UNUSED_FUNCTION = YES;
				GCC_WARN_UNUSED_VARIABLE = YES;
				IPHONEOS_DEPLOYMENT_TARGET = 11.0;
				MTL_ENABLE_DEBUG_INFO = INCLUDE_SOURCE;
				MTL_FAST_MATH = YES;
				ONLY_ACTIVE_ARCH = YES;
				SDKROOT = iphoneos;
				SWIFT_ACTIVE_COMPILATION_CONDITIONS = DEBUG;
				SWIFT_OPTIMIZATION_LEVEL = "-Onone";
			};
			name = Debug;
		};
		F5548AE5240E0DF500388CD4 /* Release */ = {
			isa = XCBuildConfiguration;
			buildSettings = {
				ALWAYS_SEARCH_USER_PATHS = NO;
				CLANG_ANALYZER_NONNULL = YES;
				CLANG_ANALYZER_NUMBER_OBJECT_CONVERSION = YES_AGGRESSIVE;
				CLANG_CXX_LANGUAGE_STANDARD = "gnu++14";
				CLANG_CXX_LIBRARY = "libc++";
				CLANG_ENABLE_MODULES = YES;
				CLANG_ENABLE_OBJC_ARC = YES;
				CLANG_ENABLE_OBJC_WEAK = YES;
				CLANG_WARN_BLOCK_CAPTURE_AUTORELEASING = YES;
				CLANG_WARN_BOOL_CONVERSION = YES;
				CLANG_WARN_COMMA = YES;
				CLANG_WARN_CONSTANT_CONVERSION = YES;
				CLANG_WARN_DEPRECATED_OBJC_IMPLEMENTATIONS = YES;
				CLANG_WARN_DIRECT_OBJC_ISA_USAGE = YES_ERROR;
				CLANG_WARN_DOCUMENTATION_COMMENTS = YES;
				CLANG_WARN_EMPTY_BODY = YES;
				CLANG_WARN_ENUM_CONVERSION = YES;
				CLANG_WARN_INFINITE_RECURSION = YES;
				CLANG_WARN_INT_CONVERSION = YES;
				CLANG_WARN_NON_LITERAL_NULL_CONVERSION = YES;
				CLANG_WARN_OBJC_IMPLICIT_RETAIN_SELF = YES;
				CLANG_WARN_OBJC_LITERAL_CONVERSION = YES;
				CLANG_WARN_OBJC_ROOT_CLASS = YES_ERROR;
				CLANG_WARN_RANGE_LOOP_ANALYSIS = YES;
				CLANG_WARN_STRICT_PROTOTYPES = YES;
				CLANG_WARN_SUSPICIOUS_MOVE = YES;
				CLANG_WARN_UNGUARDED_AVAILABILITY = YES_AGGRESSIVE;
				CLANG_WARN_UNREACHABLE_CODE = YES;
				CLANG_WARN__DUPLICATE_METHOD_MATCH = YES;
				COPY_PHASE_STRIP = NO;
				DEBUG_INFORMATION_FORMAT = "dwarf-with-dsym";
				ENABLE_NS_ASSERTIONS = NO;
				ENABLE_STRICT_OBJC_MSGSEND = YES;
				GCC_C_LANGUAGE_STANDARD = gnu11;
				GCC_NO_COMMON_BLOCKS = YES;
				GCC_WARN_64_TO_32_BIT_CONVERSION = YES;
				GCC_WARN_ABOUT_RETURN_TYPE = YES_ERROR;
				GCC_WARN_UNDECLARED_SELECTOR = YES;
				GCC_WARN_UNINITIALIZED_AUTOS = YES_AGGRESSIVE;
				GCC_WARN_UNUSED_FUNCTION = YES;
				GCC_WARN_UNUSED_VARIABLE = YES;
				IPHONEOS_DEPLOYMENT_TARGET = 11.0;
				MTL_ENABLE_DEBUG_INFO = NO;
				MTL_FAST_MATH = YES;
				SDKROOT = iphoneos;
				SWIFT_COMPILATION_MODE = wholemodule;
				SWIFT_OPTIMIZATION_LEVEL = "-O";
				VALIDATE_PRODUCT = YES;
			};
			name = Release;
		};
		F5548AE7240E0DF500388CD4 /* Debug */ = {
			isa = XCBuildConfiguration;
			baseConfigurationReference = C1D23BA38DC00EE16C0FD0E3 /* Pods-BuildBaseParchment.debug.xcconfig */;
			buildSettings = {
				ASSETCATALOG_COMPILER_APPICON_NAME = AppIcon;
				CODE_SIGN_STYLE = Automatic;
				INFOPLIST_FILE = "$(SRCROOT)/BuildBaseParchment/Supporting File/Info.plist";
				LD_RUNPATH_SEARCH_PATHS = (
					"$(inherited)",
					"@executable_path/Frameworks",
				);
				PRODUCT_BUNDLE_IDENTIFIER = com.nguyentran.BuildBaseParchment;
				PRODUCT_NAME = "$(TARGET_NAME)";
				SWIFT_VERSION = 5.0;
				TARGETED_DEVICE_FAMILY = "1,2";
			};
			name = Debug;
		};
		F5548AE8240E0DF500388CD4 /* Release */ = {
			isa = XCBuildConfiguration;
			baseConfigurationReference = 6BE910726831B63E4144F2F6 /* Pods-BuildBaseParchment.release.xcconfig */;
			buildSettings = {
				ASSETCATALOG_COMPILER_APPICON_NAME = AppIcon;
				CODE_SIGN_STYLE = Automatic;
				INFOPLIST_FILE = "$(SRCROOT)/BuildBaseParchment/Supporting File/Info.plist";
				LD_RUNPATH_SEARCH_PATHS = (
					"$(inherited)",
					"@executable_path/Frameworks",
				);
				PRODUCT_BUNDLE_IDENTIFIER = com.nguyentran.BuildBaseParchment;
				PRODUCT_NAME = "$(TARGET_NAME)";
				SWIFT_VERSION = 5.0;
				TARGETED_DEVICE_FAMILY = "1,2";
			};
			name = Release;
		};
/* End XCBuildConfiguration section */

/* Begin XCConfigurationList section */
		F5548ACD240E0DF300388CD4 /* Build configuration list for PBXProject "BuildBaseParchment" */ = {
			isa = XCConfigurationList;
			buildConfigurations = (
				F5548AE4240E0DF500388CD4 /* Debug */,
				F5548AE5240E0DF500388CD4 /* Release */,
			);
			defaultConfigurationIsVisible = 0;
			defaultConfigurationName = Release;
		};
		F5548AE6240E0DF500388CD4 /* Build configuration list for PBXNativeTarget "BuildBaseParchment" */ = {
			isa = XCConfigurationList;
			buildConfigurations = (
				F5548AE7240E0DF500388CD4 /* Debug */,
				F5548AE8240E0DF500388CD4 /* Release */,
			);
			defaultConfigurationIsVisible = 0;
			defaultConfigurationName = Release;
		};
/* End XCConfigurationList section */
	};
	rootObject = F5548ACA240E0DF300388CD4 /* Project object */;
}
